
Microsoft Visual Studio Solution File, Format Version 12.00
# Visual Studio Version 16
VisualStudioVersion = 16.0.29709.97
MinimumVisualStudioVersion = 10.0.40219.1
Project("{FAE04EC0-301F-11D3-BF4B-00C04F79EFBC}") = "NeverSkipLegDay.Android", "NeverSkipLegDay\NeverSkipLegDay.Android\NeverSkipLegDay.Android.csproj", "{1C86BA38-F5C1-41B0-AF0D-153170F8FAF1}"
EndProject
Project("{FAE04EC0-301F-11D3-BF4B-00C04F79EFBC}") = "NeverSkipLegDay.iOS", "NeverSkipLegDay\NeverSkipLegDay.iOS\NeverSkipLegDay.iOS.csproj", "{A8909D12-00AE-4026-926E-3B2415968F7C}"
EndProject
Project("{9A19103F-16F7-4668-BE54-9A1E7A4F7556}") = "NeverSkipLegDay", "NeverSkipLegDay\NeverSkipLegDay\NeverSkipLegDay.csproj", "{1C147A3B-CA20-4192-A780-CA8C2655B383}"
EndProject
Project("{9A19103F-16F7-4668-BE54-9A1E7A4F7556}") = "NeverSkipLegDay.NUnitTestProject", "NeverSkipLegDay\NeverSkipLegDay.NUnitTestProject\NeverSkipLegDay.NUnitTestProject.csproj", "{D4F4671E-D51F-4946-8149-7A34EC3AA369}"
EndProject
Global
	GlobalSection(SolutionConfigurationPlatforms) = preSolution
		Debug|Any CPU = Debug|Any CPU
		Debug|iPhone = Debug|iPhone
		Debug|iPhoneSimulator = Debug|iPhoneSimulator
		Release|Any CPU = Release|Any CPU
		Release|iPhone = Release|iPhone
		Release|iPhoneSimulator = Release|iPhoneSimulator
	EndGlobalSection
	GlobalSection(ProjectConfigurationPlatforms) = postSolution
		{1C86BA38-F5C1-41B0-AF0D-153170F8FAF1}.Debug|Any CPU.ActiveCfg = Debug|Any CPU
		{1C86BA38-F5C1-41B0-AF0D-153170F8FAF1}.Debug|Any CPU.Build.0 = Debug|Any CPU
		{1C86BA38-F5C1-41B0-AF0D-153170F8FAF1}.Debug|Any CPU.Deploy.0 = Debug|Any CPU
		{1C86BA38-F5C1-41B0-AF0D-153170F8FAF1}.Debug|iPhone.ActiveCfg = Debug|Any CPU
		{1C86BA38-F5C1-41B0-AF0D-153170F8FAF1}.Debug|iPhone.Build.0 = Debug|Any CPU
		{1C86BA38-F5C1-41B0-AF0D-153170F8FAF1}.Debug|iPhone.Deploy.0 = Debug|Any CPU
		{1C86BA38-F5C1-41B0-AF0D-153170F8FAF1}.Debug|iPhoneSimulator.ActiveCfg = Debug|Any CPU
		{1C86BA38-F5C1-41B0-AF0D-153170F8FAF1}.Debug|iPhoneSimulator.Build.0 = Debug|Any CPU
		{1C86BA38-F5C1-41B0-AF0D-153170F8FAF1}.Debug|iPhoneSimulator.Deploy.0 = Debug|Any CPU
		{1C86BA38-F5C1-41B0-AF0D-153170F8FAF1}.Release|Any CPU.ActiveCfg = Release|Any CPU
		{1C86BA38-F5C1-41B0-AF0D-153170F8FAF1}.Release|Any CPU.Build.0 = Release|Any CPU
		{1C86BA38-F5C1-41B0-AF0D-153170F8FAF1}.Release|Any CPU.Deploy.0 = Release|Any CPU
		{1C86BA38-F5C1-41B0-AF0D-153170F8FAF1}.Release|iPhone.ActiveCfg = Release|Any CPU
		{1C86BA38-F5C1-41B0-AF0D-153170F8FAF1}.Release|iPhone.Build.0 = Release|Any CPU
		{1C86BA38-F5C1-41B0-AF0D-153170F8FAF1}.Release|iPhone.Deploy.0 = Release|Any CPU
		{1C86BA38-F5C1-41B0-AF0D-153170F8FAF1}.Release|iPhoneSimulator.ActiveCfg = Release|Any CPU
		{1C86BA38-F5C1-41B0-AF0D-153170F8FAF1}.Release|iPhoneSimulator.Build.0 = Release|Any CPU
		{1C86BA38-F5C1-41B0-AF0D-153170F8FAF1}.Release|iPhoneSimulator.Deploy.0 = Release|Any CPU
		{A8909D12-00AE-4026-926E-3B2415968F7C}.Debug|Any CPU.ActiveCfg = Debug|iPhoneSimulator
		{A8909D12-00AE-4026-926E-3B2415968F7C}.Debug|Any CPU.Build.0 = Debug|iPhoneSimulator
		{A8909D12-00AE-4026-926E-3B2415968F7C}.Debug|Any CPU.Deploy.0 = Debug|iPhoneSimulator
		{A8909D12-00AE-4026-926E-3B2415968F7C}.Debug|iPhone.ActiveCfg = Debug|iPhone
		{A8909D12-00AE-4026-926E-3B2415968F7C}.Debug|iPhone.Build.0 = Debug|iPhone
		{A8909D12-00AE-4026-926E-3B2415968F7C}.Debug|iPhone.Deploy.0 = Debug|iPhone
		{A8909D12-00AE-4026-926E-3B2415968F7C}.Debug|iPhoneSimulator.ActiveCfg = Debug|iPhoneSimulator
		{A8909D12-00AE-4026-926E-3B2415968F7C}.Debug|iPhoneSimulator.Build.0 = Debug|iPhoneSimulator
		{A8909D12-00AE-4026-926E-3B2415968F7C}.Debug|iPhoneSimulator.Deploy.0 = Debug|iPhoneSimulator
		{A8909D12-00AE-4026-926E-3B2415968F7C}.Release|Any CPU.ActiveCfg = Release|iPhone
		{A8909D12-00AE-4026-926E-3B2415968F7C}.Release|Any CPU.Build.0 = Release|iPhone
		{A8909D12-00AE-4026-926E-3B2415968F7C}.Release|Any CPU.Deploy.0 = Release|iPhone
		{A8909D12-00AE-4026-926E-3B2415968F7C}.Release|iPhone.ActiveCfg = Release|iPhone
		{A8909D12-00AE-4026-926E-3B2415968F7C}.Release|iPhone.Build.0 = Release|iPhone
		{A8909D12-00AE-4026-926E-3B2415968F7C}.Release|iPhone.Deploy.0 = Release|iPhone
		{A8909D12-00AE-4026-926E-3B2415968F7C}.Release|iPhoneSimulator.ActiveCfg = Release|iPhoneSimulator
		{A8909D12-00AE-4026-926E-3B2415968F7C}.Release|iPhoneSimulator.Build.0 = Release|iPhoneSimulator
		{A8909D12-00AE-4026-926E-3B2415968F7C}.Release|iPhoneSimulator.Deploy.0 = Release|iPhoneSimulator
		{1C147A3B-CA20-4192-A780-CA8C2655B383}.Debug|Any CPU.ActiveCfg = Debug|Any CPU
		{1C147A3B-CA20-4192-A780-CA8C2655B383}.Debug|Any CPU.Build.0 = Debug|Any CPU
		{1C147A3B-CA20-4192-A780-CA8C2655B383}.Debug|Any CPU.Deploy.0 = Debug|Any CPU
		{1C147A3B-CA20-4192-A780-CA8C2655B383}.Debug|iPhone.ActiveCfg = Debug|Any CPU
		{1C147A3B-CA20-4192-A780-CA8C2655B383}.Debug|iPhone.Build.0 = Debug|Any CPU
		{1C147A3B-CA20-4192-A780-CA8C2655B383}.Debug|iPhone.Deploy.0 = Debug|Any CPU
		{1C147A3B-CA20-4192-A780-CA8C2655B383}.Debug|iPhoneSimulator.ActiveCfg = Debug|Any CPU
		{1C147A3B-CA20-4192-A780-CA8C2655B383}.Debug|iPhoneSimulator.Build.0 = Debug|Any CPU
		{1C147A3B-CA20-4192-A780-CA8C2655B383}.Debug|iPhoneSimulator.Deploy.0 = Debug|Any CPU
		{1C147A3B-CA20-4192-A780-CA8C2655B383}.Release|Any CPU.ActiveCfg = Release|Any CPU
		{1C147A3B-CA20-4192-A780-CA8C2655B383}.Release|Any CPU.Build.0 = Release|Any CPU
		{1C147A3B-CA20-4192-A780-CA8C2655B383}.Release|Any CPU.Deploy.0 = Release|Any CPU
		{1C147A3B-CA20-4192-A780-CA8C2655B383}.Release|iPhone.ActiveCfg = Release|Any CPU
		{1C147A3B-CA20-4192-A780-CA8C2655B383}.Release|iPhone.Build.0 = Release|Any CPU
		{1C147A3B-CA20-4192-A780-CA8C2655B383}.Release|iPhone.Deploy.0 = Release|Any CPU
		{1C147A3B-CA20-4192-A780-CA8C2655B383}.Release|iPhoneSimulator.ActiveCfg = Release|Any CPU
		{1C147A3B-CA20-4192-A780-CA8C2655B383}.Release|iPhoneSimulator.Build.0 = Release|Any CPU
		{1C147A3B-CA20-4192-A780-CA8C2655B383}.Release|iPhoneSimulator.Deploy.0 = Release|Any CPU
		{D4F4671E-D51F-4946-8149-7A34EC3AA369}.Debug|Any CPU.ActiveCfg = Debug|Any CPU
		{D4F4671E-D51F-4946-8149-7A34EC3AA369}.Debug|Any CPU.Build.0 = Debug|Any CPU
		{D4F4671E-D51F-4946-8149-7A34EC3AA369}.Debug|iPhone.ActiveCfg = Debug|Any CPU
		{D4F4671E-D51F-4946-8149-7A34EC3AA369}.Debug|iPhone.Build.0 = Debug|Any CPU
		{D4F4671E-D51F-4946-8149-7A34EC3AA369}.Debug|iPhoneSimulator.ActiveCfg = Debug|Any CPU
		{D4F4671E-D51F-4946-8149-7A34EC3AA369}.Debug|iPhoneSimulator.Build.0 = Debug|Any CPU
		{D4F4671E-D51F-4946-8149-7A34EC3AA369}.Release|Any CPU.ActiveCfg = Release|Any CPU
		{D4F4671E-D51F-4946-8149-7A34EC3AA369}.Release|Any CPU.Build.0 = Release|Any CPU
		{D4F4671E-D51F-4946-8149-7A34EC3AA369}.Release|iPhone.ActiveCfg = Release|Any CPU
		{D4F4671E-D51F-4946-8149-7A34EC3AA369}.Release|iPhone.Build.0 = Release|Any CPU
		{D4F4671E-D51F-4946-8149-7A34EC3AA369}.Release|iPhoneSimulator.ActiveCfg = Release|Any CPU
		{D4F4671E-D51F-4946-8149-7A34EC3AA369}.Release|iPhoneSimulator.Build.0 = Release|Any CPU
	EndGlobalSection
	GlobalSection(SolutionProperties) = preSolution
		HideSolutionNode = FALSE
	EndGlobalSection
	GlobalSection(ExtensibilityGlobals) = postSolution
		SolutionGuid = {98BABD64-079C-4D2E-B067-709C528E2915}
	EndGlobalSection
EndGlobal
